// !$*UTF8*$!
{
	archiveVersion = 1;
	classes = {
	};
	objectVersion = 46;
	objects = {

/* Begin PBXBuildFile section */
		237A42961B94071F00071593 /* main.m in Sources */ = {isa = PBXBuildFile; fileRef = 237A42951B94071F00071593 /* main.m */; };
		237A42991B94071F00071593 /* AppDelegate.m in Sources */ = {isa = PBXBuildFile; fileRef = 237A42981B94071F00071593 /* AppDelegate.m */; };
		237A429C1B94071F00071593 /* ViewController.m in Sources */ = {isa = PBXBuildFile; fileRef = 237A429B1B94071F00071593 /* ViewController.m */; };
		237A429F1B94071F00071593 /* Main.storyboard in Resources */ = {isa = PBXBuildFile; fileRef = 237A429D1B94071F00071593 /* Main.storyboard */; };
		237A42A11B94071F00071593 /* Images.xcassets in Resources */ = {isa = PBXBuildFile; fileRef = 237A42A01B94071F00071593 /* Images.xcassets */; };
		237A42A41B94071F00071593 /* LaunchScreen.xib in Resources */ = {isa = PBXBuildFile; fileRef = 237A42A21B94071F00071593 /* LaunchScreen.xib */; };
		237A42B01B94071F00071593 /* ObjectiveSwiftTests.m in Sources */ = {isa = PBXBuildFile; fileRef = 237A42AF1B94071F00071593 /* ObjectiveSwiftTests.m */; };
		237A42BB1B94076700071593 /* SwiftObject.swift in Sources */ = {isa = PBXBuildFile; fileRef = 237A42BA1B94076700071593 /* SwiftObject.swift */; };
		237A42F21B943F7D00071593 /* OCObject.m in Sources */ = {isa = PBXBuildFile; fileRef = 237A42F11B943F7D00071593 /* OCObject.m */; };
/* End PBXBuildFile section */

/* Begin PBXContainerItemProxy section */
		237A42AA1B94071F00071593 /* PBXContainerItemProxy */ = {
			isa = PBXContainerItemProxy;
			containerPortal = 237A42881B94071F00071593 /* Project object */;
			proxyType = 1;
			remoteGlobalIDString = 237A428F1B94071F00071593;
			remoteInfo = ObjectiveSwift;
		};
/* End PBXContainerItemProxy section */

/* Begin PBXFileReference section */
		237A42901B94071F00071593 /* ObjectiveSwift.app */ = {isa = PBXFileReference; explicitFileType = wrapper.application; includeInIndex = 0; path = ObjectiveSwift.app; sourceTree = BUILT_PRODUCTS_DIR; };
		237A42941B94071F00071593 /* Info.plist */ = {isa = PBXFileReference; lastKnownFileType = text.plist.xml; path = Info.plist; sourceTree = "<group>"; };
		237A42951B94071F00071593 /* main.m */ = {isa = PBXFileReference; lastKnownFileType = sourcecode.c.objc; path = main.m; sourceTree = "<group>"; };
		237A42971B94071F00071593 /* AppDelegate.h */ = {isa = PBXFileReference; lastKnownFileType = sourcecode.c.h; path = AppDelegate.h; sourceTree = "<group>"; };
		237A42981B94071F00071593 /* AppDelegate.m */ = {isa = PBXFileReference; lastKnownFileType = sourcecode.c.objc; path = AppDelegate.m; sourceTree = "<group>"; };
		237A429A1B94071F00071593 /* ViewController.h */ = {isa = PBXFileReference; lastKnownFileType = sourcecode.c.h; path = ViewController.h; sourceTree = "<group>"; };
		237A429B1B94071F00071593 /* ViewController.m */ = {isa = PBXFileReference; lastKnownFileType = sourcecode.c.objc; path = ViewController.m; sourceTree = "<group>"; };
		237A429E1B94071F00071593 /* Base */ = {isa = PBXFileReference; lastKnownFileType = file.storyboard; name = Base; path = Base.lproj/Main.storyboard; sourceTree = "<group>"; };
		237A42A01B94071F00071593 /* Images.xcassets */ = {isa = PBXFileReference; lastKnownFileType = folder.assetcatalog; path = Images.xcassets; sourceTree = "<group>"; };
		237A42A31B94071F00071593 /* Base */ = {isa = PBXFileReference; lastKnownFileType = file.xib; name = Base; path = Base.lproj/LaunchScreen.xib; sourceTree = "<group>"; };
		237A42A91B94071F00071593 /* ObjectiveSwiftTests.xctest */ = {isa = PBXFileReference; explicitFileType = wrapper.cfbundle; includeInIndex = 0; path = ObjectiveSwiftTests.xctest; sourceTree = BUILT_PRODUCTS_DIR; };
		237A42AE1B94071F00071593 /* Info.plist */ = {isa = PBXFileReference; lastKnownFileType = text.plist.xml; path = Info.plist; sourceTree = "<group>"; };
		237A42AF1B94071F00071593 /* ObjectiveSwiftTests.m */ = {isa = PBXFileReference; lastKnownFileType = sourcecode.c.objc; path = ObjectiveSwiftTests.m; sourceTree = "<group>"; };
		237A42B91B94076600071593 /* ObjectiveSwift-Bridging-Header.h */ = {isa = PBXFileReference; lastKnownFileType = sourcecode.c.h; path = "ObjectiveSwift-Bridging-Header.h"; sourceTree = "<group>"; };
		237A42BA1B94076700071593 /* SwiftObject.swift */ = {isa = PBXFileReference; fileEncoding = 4; lastKnownFileType = sourcecode.swift; path = SwiftObject.swift; sourceTree = "<group>"; };
		237A42F01B943F7D00071593 /* OCObject.h */ = {isa = PBXFileReference; fileEncoding = 4; lastKnownFileType = sourcecode.c.h; path = OCObject.h; sourceTree = "<group>"; };
		237A42F11B943F7D00071593 /* OCObject.m */ = {isa = PBXFileReference; fileEncoding = 4; lastKnownFileType = sourcecode.c.objc; path = OCObject.m; sourceTree = "<group>"; };
/* End PBXFileReference section */

/* Begin PBXFrameworksBuildPhase section */
		237A428D1B94071F00071593 /* Frameworks */ = {
			isa = PBXFrameworksBuildPhase;
			buildActionMask = 2147483647;
			files = (
			);
			runOnlyForDeploymentPostprocessing = 0;
		};
		237A42A61B94071F00071593 /* Frameworks */ = {
			isa = PBXFrameworksBuildPhase;
			buildActionMask = 2147483647;
			files = (
			);
			runOnlyForDeploymentPostprocessing = 0;
		};
/* End PBXFrameworksBuildPhase section */

/* Begin PBXGroup section */
		237A42871B94071F00071593 = {
			isa = PBXGroup;
			children = (
				237A42921B94071F00071593 /* ObjectiveSwift */,
				237A42AC1B94071F00071593 /* ObjectiveSwiftTests */,
				237A42911B94071F00071593 /* Products */,
			);
			sourceTree = "<group>";
		};
		237A42911B94071F00071593 /* Products */ = {
			isa = PBXGroup;
			children = (
				237A42901B94071F00071593 /* ObjectiveSwift.app */,
				237A42A91B94071F00071593 /* ObjectiveSwiftTests.xctest */,
			);
			name = Products;
			sourceTree = "<group>";
		};
		237A42921B94071F00071593 /* ObjectiveSwift */ = {
			isa = PBXGroup;
			children = (
				237A42971B94071F00071593 /* AppDelegate.h */,
				237A42981B94071F00071593 /* AppDelegate.m */,
				237A429A1B94071F00071593 /* ViewController.h */,
				237A429B1B94071F00071593 /* ViewController.m */,
				237A42F01B943F7D00071593 /* OCObject.h */,
				237A42F11B943F7D00071593 /* OCObject.m */,
				237A42BA1B94076700071593 /* SwiftObject.swift */,
				237A429D1B94071F00071593 /* Main.storyboard */,
				237A42A01B94071F00071593 /* Images.xcassets */,
				237A42A21B94071F00071593 /* LaunchScreen.xib */,
				237A42931B94071F00071593 /* Supporting Files */,
				237A42B91B94076600071593 /* ObjectiveSwift-Bridging-Header.h */,
			);
			path = ObjectiveSwift;
			sourceTree = "<group>";
		};
		237A42931B94071F00071593 /* Supporting Files */ = {
			isa = PBXGroup;
			children = (
				237A42941B94071F00071593 /* Info.plist */,
				237A42951B94071F00071593 /* main.m */,
			);
			name = "Supporting Files";
			sourceTree = "<group>";
		};
		237A42AC1B94071F00071593 /* ObjectiveSwiftTests */ = {
			isa = PBXGroup;
			children = (
				237A42AF1B94071F00071593 /* ObjectiveSwiftTests.m */,
				237A42AD1B94071F00071593 /* Supporting Files */,
			);
			path = ObjectiveSwiftTests;
			sourceTree = "<group>";
		};
		237A42AD1B94071F00071593 /* Supporting Files */ = {
			isa = PBXGroup;
			children = (
				237A42AE1B94071F00071593 /* Info.plist */,
			);
			name = "Supporting Files";
			sourceTree = "<group>";
		};
/* End PBXGroup section */

/* Begin PBXNativeTarget section */
		237A428F1B94071F00071593 /* ObjectiveSwift */ = {
			isa = PBXNativeTarget;
			buildConfigurationList = 237A42B31B94071F00071593 /* Build configuration list for PBXNativeTarget "ObjectiveSwift" */;
			buildPhases = (
				237A428C1B94071F00071593 /* Sources */,
				237A428D1B94071F00071593 /* Frameworks */,
				237A428E1B94071F00071593 /* Resources */,
			);
			buildRules = (
			);
			dependencies = (
			);
			name = ObjectiveSwift;
			productName = ObjectiveSwift;
			productReference = 237A42901B94071F00071593 /* ObjectiveSwift.app */;
			productType = "com.apple.product-type.application";
		};
		237A42A81B94071F00071593 /* ObjectiveSwiftTests */ = {
			isa = PBXNativeTarget;
			buildConfigurationList = 237A42B61B94071F00071593 /* Build configuration list for PBXNativeTarget "ObjectiveSwiftTests" */;
			buildPhases = (
				237A42A51B94071F00071593 /* Sources */,
				237A42A61B94071F00071593 /* Frameworks */,
				237A42A71B94071F00071593 /* Resources */,
			);
			buildRules = (
			);
			dependencies = (
				237A42AB1B94071F00071593 /* PBXTargetDependency */,
			);
			name = ObjectiveSwiftTests;
			productName = ObjectiveSwiftTests;
			productReference = 237A42A91B94071F00071593 /* ObjectiveSwiftTests.xctest */;
			productType = "com.apple.product-type.bundle.unit-test";
		};
/* End PBXNativeTarget section */

/* Begin PBXProject section */
		237A42881B94071F00071593 /* Project object */ = {
			isa = PBXProject;
			attributes = {
				LastUpgradeCheck = 0640;
				ORGANIZATIONNAME = guohao;
				TargetAttributes = {
					237A428F1B94071F00071593 = {
						CreatedOnToolsVersion = 6.4;
					};
					237A42A81B94071F00071593 = {
						CreatedOnToolsVersion = 6.4;
						TestTargetID = 237A428F1B94071F00071593;
					};
				};
			};
			buildConfigurationList = 237A428B1B94071F00071593 /* Build configuration list for PBXProject "ObjectiveSwift" */;
			compatibilityVersion = "Xcode 3.2";
			developmentRegion = English;
			hasScannedForEncodings = 0;
			knownRegions = (
				en,
				Base,
			);
			mainGroup = 237A42871B94071F00071593;
			productRefGroup = 237A42911B94071F00071593 /* Products */;
			projectDirPath = "";
			projectRoot = "";
			targets = (
				237A428F1B94071F00071593 /* ObjectiveSwift */,
				237A42A81B94071F00071593 /* ObjectiveSwiftTests */,
			);
		};
/* End PBXProject section */

/* Begin PBXResourcesBuildPhase section */
		237A428E1B94071F00071593 /* Resources */ = {
			isa = PBXResourcesBuildPhase;
			buildActionMask = 2147483647;
			files = (
				237A429F1B94071F00071593 /* Main.storyboard in Resources */,
				237A42A41B94071F00071593 /* LaunchScreen.xib in Resources */,
				237A42A11B94071F00071593 /* Images.xcassets in Resources */,
			);
			runOnlyForDeploymentPostprocessing = 0;
		};
		237A42A71B94071F00071593 /* Resources */ = {
			isa = PBXResourcesBuildPhase;
			buildActionMask = 2147483647;
			files = (
			);
			runOnlyForDeploymentPostprocessing = 0;
		};
/* End PBXResourcesBuildPhase section */

/* Begin PBXSourcesBuildPhase section */
		237A428C1B94071F00071593 /* Sources */ = {
			isa = PBXSourcesBuildPhase;
			buildActionMask = 2147483647;
			files = (
				237A42BB1B94076700071593 /* SwiftObject.swift in Sources */,
				237A429C1B94071F00071593 /* ViewController.m in Sources */,
				237A42F21B943F7D00071593 /* OCObject.m in Sources */,
				237A42991B94071F00071593 /* AppDelegate.m in Sources */,
				237A42961B94071F00071593 /* main.m in Sources */,
			);
			runOnlyForDeploymentPostprocessing = 0;
		};
		237A42A51B94071F00071593 /* Sources */ = {
			isa = PBXSourcesBuildPhase;
			buildActionMask = 2147483647;
			files = (
				237A42B01B94071F00071593 /* ObjectiveSwiftTests.m in Sources */,
			);
			runOnlyForDeploymentPostprocessing = 0;
		};
/* End PBXSourcesBuildPhase section */

/* Begin PBXTargetDependency section */
		237A42AB1B94071F00071593 /* PBXTargetDependency */ = {
			isa = PBXTargetDependency;
			target = 237A428F1B94071F00071593 /* ObjectiveSwift */;
			targetProxy = 237A42AA1B94071F00071593 /* PBXContainerItemProxy */;
		};
/* End PBXTargetDependency section */

/* Begin PBXVariantGroup section */
		237A429D1B94071F00071593 /* Main.storyboard */ = {
			isa = PBXVariantGroup;
			children = (
				237A429E1B94071F00071593 /* Base */,
			);
			name = Main.storyboard;
			sourceTree = "<group>";
		};
		237A42A21B94071F00071593 /* LaunchScreen.xib */ = {
			isa = PBXVariantGroup;
			children = (
				237A42A31B94071F00071593 /* Base */,
			);
			name = LaunchScreen.xib;
			sourceTree = "<group>";
		};
/* End PBXVariantGroup section */

/* Begin XCBuildConfiguration section */
		237A42B11B94071F00071593 /* Debug */ = {
			isa = XCBuildConfiguration;
			buildSettings = {
				ALWAYS_SEARCH_USER_PATHS = NO;
				CLANG_CXX_LANGUAGE_STANDARD = "gnu++0x";
				CLANG_CXX_LIBRARY = "libc++";
				CLANG_ENABLE_MODULES = YES;
				CLANG_ENABLE_OBJC_ARC = YES;
				CLANG_WARN_BOOL_CONVERSION = YES;
				CLANG_WARN_CONSTANT_CONVERSION = YES;
				CLANG_WARN_DIRECT_OBJC_ISA_USAGE = YES_ERROR;
				CLANG_WARN_EMPTY_BODY = YES;
				CLANG_WARN_ENUM_CONVERSION = YES;
				CLANG_WARN_INT_CONVERSION = YES;
				CLANG_WARN_OBJC_ROOT_CLASS = YES_ERROR;
				CLANG_WARN_UNREACHABLE_CODE = YES;
				CLANG_WARN__DUPLICATE_METHOD_MATCH = YES;
				"CODE_SIGN_IDENTITY[sdk=iphoneos*]" = "iPhone Developer";
				COPY_PHASE_STRIP = NO;
				DEBUG_INFORMATION_FORMAT = "dwarf-with-dsym";
				ENABLE_STRICT_OBJC_MSGSEND = YES;
				GCC_C_LANGUAGE_STANDARD = gnu99;
				GCC_DYNAMIC_NO_PIC = NO;
				GCC_NO_COMMON_BLOCKS = YES;
				GCC_OPTIMIZATION_LEVEL = 0;
				GCC_PREPROCESSOR_DEFINITIONS = (
					"DEBUG=1",
					"$(inherited)",
				);
				GCC_SYMBOLS_PRIVATE_EXTERN = NO;
				GCC_WARN_64_TO_32_BIT_CONVERSION = YES;
				GCC_WARN_ABOUT_RETURN_TYPE = YES_ERROR;
				GCC_WARN_UNDECLARED_SELECTOR = YES;
				GCC_WARN_UNINITIALIZED_AUTOS = YES_AGGRESSIVE;
				GCC_WARN_UNUSED_FUNCTION = YES;
				GCC_WARN_UNUSED_VARIABLE = YES;
				IPHONEOS_DEPLOYMENT_TARGET = 8.4;
				MTL_ENABLE_DEBUG_INFO = YES;
				ONLY_ACTIVE_ARCH = YES;
				SDKROOT = iphoneos;
				TARGETED_DEVICE_FAMILY = "1,2";
			};
			name = Debug;
		};
		237A42B21B94071F00071593 /* Release */ = {
			isa = XCBuildConfiguration;
			buildSettings = {
				ALWAYS_SEARCH_USER_PATHS = NO;
				CLANG_CXX_LANGUAGE_STANDARD = "gnu++0x";
				CLANG_CXX_LIBRARY = "libc++";
				CLANG_ENABLE_MODULES = YES;
				CLANG_ENABLE_OBJC_ARC = YES;
				CLANG_WARN_BOOL_CONVERSION = YES;
				CLANG_WARN_CONSTANT_CONVERSION = YES;
				CLANG_WARN_DIRECT_OBJC_ISA_USAGE = YES_ERROR;
				CLANG_WARN_EMPTY_BODY = YES;
				CLANG_WARN_ENUM_CONVERSION = YES;
				CLANG_WARN_INT_CONVERSION = YES;
				CLANG_WARN_OBJC_ROOT_CLASS = YES_ERROR;
				CLANG_WARN_UNREACHABLE_CODE = YES;
				CLANG_WARN__DUPLICATE_METHOD_MATCH = YES;
				"CODE_SIGN_IDENTITY[sdk=iphoneos*]" = "iPhone Developer";
				COPY_PHASE_STRIP = NO;
				DEBUG_INFORMATION_FORMAT = "dwarf-with-dsym";
				ENABLE_NS_ASSERTIONS = NO;
				ENABLE_STRICT_OBJC_MSGSEND = YES;
				GCC_C_LANGUAGE_STANDARD = gnu99;
				GCC_NO_COMMON_BLOCKS = YES;
				GCC_WARN_64_TO_32_BIT_CONVERSION = YES;
				GCC_WARN_ABOUT_RETURN_TYPE = YES_ERROR;
				GCC_WARN_UNDECLARED_SELECTOR = YES;
				GCC_WARN_UNINITIALIZED_AUTOS = YES_AGGRESSIVE;
				GCC_WARN_UNUSED_FUNCTION = YES;
				GCC_WARN_UNUSED_VARIABLE = YES;
				IPHONEOS_DEPLOYMENT_TARGET = 8.4;
				MTL_ENABLE_DEBUG_INFO = NO;
				SDKROOT = iphoneos;
				TARGETED_DEVICE_FAMILY = "1,2";
				VALIDATE_PRODUCT = YES;
			};
			name = Release;
		};
		237A42B41B94071F00071593 /* Debug */ = {
			isa = XCBuildConfiguration;
			buildSettings = {
				ASSETCATALOG_COMPILER_APPICON_NAME = AppIcon;
				CLANG_ENABLE_MODULES = YES;
				INFOPLIST_FILE = ObjectiveSwift/Info.plist;
				LD_RUNPATH_SEARCH_PATHS = "$(inherited) @executable_path/Frameworks";
				PRODUCT_NAME = "$(TARGET_NAME)";
				SWIFT_OBJC_BRIDGING_HEADER = "ObjectiveSwift/ObjectiveSwift-Bridging-Header.h";
				SWIFT_OPTIMIZATION_LEVEL = "-Onone";
			};
			name = Debug;
		};
		237A42B51B94071F00071593 /* Release */ = {
			isa = XCBuildConfiguration;
			buildSettings = {
				ASSETCATALOG_COMPILER_APPICON_NAME = AppIcon;
				CLANG_ENABLE_MODULES = YES;
				INFOPLIST_FILE = ObjectiveSwift/Info.plist;
				LD_RUNPATH_SEARCH_PATHS = "$(inherited) @executable_path/Frameworks";
				PRODUCT_NAME = "$(TARGET_NAME)";
				SWIFT_OBJC_BRIDGING_HEADER = "ObjectiveSwift/ObjectiveSwift-Bridging-Header.h";
			};
			name = Release;
		};
		237A42B71B94071F00071593 /* Debug */ = {
			isa = XCBuildConfiguration;
			buildSettings = {
				BUNDLE_LOADER = "$(TEST_HOST)";
				FRAMEWORK_SEARCH_PATHS = (
					"$(SDKROOT)/Developer/Library/Frameworks",
					"$(inherited)",
				);
				GCC_PREPROCESSOR_DEFINITIONS = (
					"DEBUG=1",
					"$(inherited)",
				);
				INFOPLIST_FILE = ObjectiveSwiftTests/Info.plist;
				LD_RUNPATH_SEARCH_PATHS = "$(inherited) @executable_path/Frameworks @loader_path/Frameworks";
				PRODUCT_NAME = "$(TARGET_NAME)";
				TEST_HOST = "$(BUILT_PRODUCTS_DIR)/ObjectiveSwift.app/ObjectiveSwift";
			};
			name = Debug;
		};
		237A42B81B94071F00071593 /* Release */ = {
			isa = XCBuildConfiguration;
			buildSettings = {
				BUNDLE_LOADER = "$(TEST_HOST)";
				FRAMEWORK_SEARCH_PATHS = (
					"$(SDKROOT)/Developer/Library/Frameworks",
					"$(inherited)",
				);
				INFOPLIST_FILE = ObjectiveSwiftTests/Info.plist;
				LD_RUNPATH_SEARCH_PATHS = "$(inherited) @executable_path/Frameworks @loader_path/Frameworks";
				PRODUCT_NAME = "$(TARGET_NAME)";
				TEST_HOST = "$(BUILT_PRODUCTS_DIR)/ObjectiveSwift.app/ObjectiveSwift";
			};
			name = Release;
		};
/* End XCBuildConfiguration section */

/* Begin XCConfigurationList section */
		237A428B1B94071F00071593 /* Build configuration list for PBXProject "ObjectiveSwift" */ = {
			isa = XCConfigurationList;
			buildConfigurations = (
				237A42B11B94071F00071593 /* Debug */,
				237A42B21B94071F00071593 /* Release */,
			);
			defaultConfigurationIsVisible = 0;
			defaultConfigurationName = Release;
		};
		237A42B31B94071F00071593 /* Build configuration list for PBXNativeTarget "ObjectiveSwift" */ = {
			isa = XCConfigurationList;
			buildConfigurations = (
				237A42B41B94071F00071593 /* Debug */,
				237A42B51B94071F00071593 /* Release */,
			);
			defaultConfigurationIsVisible = 0;
		};
		237A42B61B94071F00071593 /* Build configuration list for PBXNativeTarget "ObjectiveSwiftTests" */ = {
			isa = XCConfigurationList;
			buildConfigurations = (
				237A42B71B94071F00071593 /* Debug */,
				237A42B81B94071F00071593 /* Release */,
			);
			defaultConfigurationIsVisible = 0;
		};
/* End XCConfigurationList section */
	};
	rootObject = 237A42881B94071F00071593 /* Project object */;
}
